<?xml version="1.0" encoding="utf-8"?>
<Project ToolsVersion="4.0" xmlns="http://schemas.microsoft.com/developer/msbuild/2003">
  <ItemGroup>
    <Filter Include="Source Files">
      <UniqueIdentifier>{4FC737F1-C7A5-4376-A066-2A32D752A2FF}</UniqueIdentifier>
      <Extensions>cpp;c;cc;cxx;c++;def;odl;idl;hpj;bat;asm;asmx</Extensions>
    </Filter>
    <Filter Include="Header Files">
      <UniqueIdentifier>{93995380-89BD-4b04-88EB-625FBE52EBFB}</UniqueIdentifier>
      <Extensions>h;hh;hpp;hxx;h++;hm;inl;inc;ipp;xsd</Extensions>
    </Filter>
    <Filter Include="Resource Files">
      <UniqueIdentifier>{67DA6AB6-F800-4c08-8B7A-83BB121AAD01}</UniqueIdentifier>
      <Extensions>rc;ico;cur;bmp;dlg;rc2;rct;bin;rgs;gif;jpg;jpeg;jpe;resx;tiff;tif;png;wav;mfcribbon-ms</Extensions>
    </Filter>
    <Filter Include="Source Files\Edi">
      <UniqueIdentifier>{f2f51871-a3c0-434a-bd35-4add71cbb286}</UniqueIdentifier>
    </Filter>
    <Filter Include="Header Files\Edi">
      <UniqueIdentifier>{001cf73a-4ee4-4f1e-a52d-9b6b79b0ba90}</UniqueIdentifier>
    </Filter>
    <Filter Include="Header Files\GameLogic">
      <UniqueIdentifier>{a62e57e8-decd-4a14-bad4-aba0f511826c}</UniqueIdentifier>
    </Filter>
    <Filter Include="Header Files\TetrisPieces">
      <UniqueIdentifier>{85d46913-fad1-4fb2-af9d-09b58963a685}</UniqueIdentifier>
    </Filter>
    <Filter Include="Source Files\GameLogic">
      <UniqueIdentifier>{63dd46c0-ddb9-4d81-a89f-29fdbf2ec30e}</UniqueIdentifier>
    </Filter>
    <Filter Include="Source Files\TetrisPieces">
      <UniqueIdentifier>{2a552543-a4c5-466f-8fef-05a99a6452d5}</UniqueIdentifier>
    </Filter>
  </ItemGroup>
  <ItemGroup>
    <ClInclude Include="Board.h">
      <Filter>Header Files</Filter>
    </ClInclude>
    <ClInclude Include="Player.h">
      <Filter>Header Files</Filter>
    </ClInclude>
    <ClInclude Include="Scores.h">
      <Filter>Header Files</Filter>
    </ClInclude>
    <ClInclude Include="SfmlButton.h">
      <Filter>Header Files\Edi</Filter>
    </ClInclude>
    <ClInclude Include="BlackHole.h">
      <Filter>Header Files\GameLogic</Filter>
    </ClInclude>
    <ClInclude Include="Game.h">
      <Filter>Header Files\GameLogic</Filter>
    </ClInclude>
    <ClInclude Include="RandomSquare.h">
      <Filter>Header Files\GameLogic</Filter>
    </ClInclude>
    <ClInclude Include="PieceTypes.h">
      <Filter>Header Files\TetrisPieces</Filter>
    </ClInclude>
    <ClInclude Include="TetrisPiece.h">
      <Filter>Header Files\TetrisPieces</Filter>
    </ClInclude>
  </ItemGroup>
  <ItemGroup>
    <ClCompile Include="Board.cpp">
      <Filter>Source Files</Filter>
    </ClCompile>
    <ClCompile Include="Tetris++.cpp">
      <Filter>Source Files</Filter>
    </ClCompile>
    <ClCompile Include="Player.cpp">
      <Filter>Source Files</Filter>
    </ClCompile>
    <ClCompile Include="Scores.cpp">
      <Filter>Source Files</Filter>
    </ClCompile>
    <ClCompile Include="SfmlButton.cpp">
      <Filter>Source Files\Edi</Filter>
    </ClCompile>
    <ClCompile Include="BlackHole.cpp">
      <Filter>Source Files\GameLogic</Filter>
    </ClCompile>
    <ClCompile Include="Game.cpp">
      <Filter>Source Files\GameLogic</Filter>
    </ClCompile>
    <ClCompile Include="RandomSquare.cpp">
      <Filter>Source Files\GameLogic</Filter>
    </ClCompile>
    <ClCompile Include="PieceTypes.cpp">
      <Filter>Source Files\TetrisPieces</Filter>
    </ClCompile>
    <ClCompile Include="TetrisPiece.cpp">
      <Filter>Source Files\TetrisPieces</Filter>
    </ClCompile>
  </ItemGroup>
  <ItemGroup>
    <Text Include="Scores.txt">
      <Filter>Resource Files</Filter>
    </Text>
    <Text Include="PieceTypes.txt">
      <Filter>Resource Files</Filter>
    </Text>
  </ItemGroup>
  <ItemGroup>
    <Image Include="tiles.png">
      <Filter>Resource Files</Filter>
    </Image>
    <Image Include="test.gif">
      <Filter>Resource Files</Filter>
    </Image>
  </ItemGroup>
  <ItemGroup>
    <Font Include="images\Font.ttf">
      <Filter>Resource Files</Filter>
    </Font>
    <Font Include="images\Fun Games Demo\Fun Games.ttf">
      <Filter>Resource Files</Filter>
    </Font>
  </ItemGroup>
</Project>